// !$*UTF8*$!
{
	archiveVersion = 1;
	classes = {
	};
	objectVersion = 55;
	objects = {

/* Begin PBXBuildFile section */
		659B719EA35BAAB6778A7105 /* NewStuffView.swift in Sources */ = {isa = PBXBuildFile; fileRef = 659B7A820FEF5CF721C81CC4 /* NewStuffView.swift */; };
		EB4DC0C027863946006E2370 /* Constants.swift in Sources */ = {isa = PBXBuildFile; fileRef = EB4DC0BF27863946006E2370 /* Constants.swift */; };
		EB4DC0C227863E8F006E2370 /* StoreKit.framework in Frameworks */ = {isa = PBXBuildFile; fileRef = EB4DC0C127863E8F006E2370 /* StoreKit.framework */; };
		EB4DC0C727863F19006E2370 /* IAPManager.swift in Sources */ = {isa = PBXBuildFile; fileRef = EB4DC0C627863F19006E2370 /* IAPManager.swift */; };
		EB8737212777BC040022B442 /* WarrantyAppApp.swift in Sources */ = {isa = PBXBuildFile; fileRef = EB8737202777BC040022B442 /* WarrantyAppApp.swift */; };
		EB8737282777BC050022B442 /* Preview Assets.xcassets in Resources */ = {isa = PBXBuildFile; fileRef = EB8737272777BC050022B442 /* Preview Assets.xcassets */; };
		EB8737412777BCDF0022B442 /* WarrantyApp.xcdatamodeld in Sources */ = {isa = PBXBuildFile; fileRef = EB87373E2777BCDF0022B442 /* WarrantyApp.xcdatamodeld */; };
		EB8737422777BCDF0022B442 /* PersistenceController.swift in Sources */ = {isa = PBXBuildFile; fileRef = EB8737402777BCDF0022B442 /* PersistenceController.swift */; };
		EB8737462777BD3E0022B442 /* OnboardingScreens.swift in Sources */ = {isa = PBXBuildFile; fileRef = EB8737442777BD3E0022B442 /* OnboardingScreens.swift */; };
		EB8737472777BD3E0022B442 /* OnboardingView.swift in Sources */ = {isa = PBXBuildFile; fileRef = EB8737452777BD3E0022B442 /* OnboardingView.swift */; };
		EB87374A2777BD560022B442 /* StuffListView.swift in Sources */ = {isa = PBXBuildFile; fileRef = EB8737492777BD560022B442 /* StuffListView.swift */; };
		EB87374E2777BDCC0022B442 /* Assets.xcassets in Resources */ = {isa = PBXBuildFile; fileRef = EB87374D2777BDCC0022B442 /* Assets.xcassets */; };
		EB8737522777BF9F0022B442 /* Localizable.strings in Resources */ = {isa = PBXBuildFile; fileRef = EB8737542777BF9F0022B442 /* Localizable.strings */; };
		EB8737572777C2D30022B442 /* StuffViewModel.swift in Sources */ = {isa = PBXBuildFile; fileRef = EB8737562777C2D30022B442 /* StuffViewModel.swift */; };
		EBE4BC37277A22630073F8F5 /* InfoPlist.strings in Resources */ = {isa = PBXBuildFile; fileRef = EBE4BC39277A22630073F8F5 /* InfoPlist.strings */; };
		EBE4BC3F277D41CB0073F8F5 /* Product.swift in Sources */ = {isa = PBXBuildFile; fileRef = EBE4BC3E277D41CB0073F8F5 /* Product.swift */; };
		EBEDBD45277F676000947C55 /* ImagePicker.swift in Sources */ = {isa = PBXBuildFile; fileRef = EBEDBD44277F676000947C55 /* ImagePicker.swift */; };
		EBEDBD4827809E4300947C55 /* SwifterSwift in Frameworks */ = {isa = PBXBuildFile; productRef = EBEDBD4727809E4300947C55 /* SwifterSwift */; };
		EBEDBD4B2780F06C00947C55 /* PureSwiftUI in Frameworks */ = {isa = PBXBuildFile; productRef = EBEDBD4A2780F06C00947C55 /* PureSwiftUI */; };
/* End PBXBuildFile section */

/* Begin PBXFileReference section */
		659B7A820FEF5CF721C81CC4 /* NewStuffView.swift */ = {isa = PBXFileReference; fileEncoding = 4; lastKnownFileType = sourcecode.swift; path = NewStuffView.swift; sourceTree = "<group>"; };
		EB4DC0BF27863946006E2370 /* Constants.swift */ = {isa = PBXFileReference; lastKnownFileType = sourcecode.swift; path = Constants.swift; sourceTree = "<group>"; };
		EB4DC0C127863E8F006E2370 /* StoreKit.framework */ = {isa = PBXFileReference; lastKnownFileType = wrapper.framework; name = StoreKit.framework; path = System/Library/Frameworks/StoreKit.framework; sourceTree = SDKROOT; };
		EB4DC0C627863F19006E2370 /* IAPManager.swift */ = {isa = PBXFileReference; lastKnownFileType = sourcecode.swift; path = IAPManager.swift; sourceTree = "<group>"; };
		EB87371D2777BC040022B442 /* WarrantyApp.app */ = {isa = PBXFileReference; explicitFileType = wrapper.application; includeInIndex = 0; path = WarrantyApp.app; sourceTree = BUILT_PRODUCTS_DIR; };
		EB8737202777BC040022B442 /* WarrantyAppApp.swift */ = {isa = PBXFileReference; lastKnownFileType = sourcecode.swift; path = WarrantyAppApp.swift; sourceTree = "<group>"; };
		EB8737272777BC050022B442 /* Preview Assets.xcassets */ = {isa = PBXFileReference; lastKnownFileType = folder.assetcatalog; path = "Preview Assets.xcassets"; sourceTree = "<group>"; };
		EB87373F2777BCDF0022B442 /* Shared.xcdatamodel */ = {isa = PBXFileReference; lastKnownFileType = wrapper.xcdatamodel; path = Shared.xcdatamodel; sourceTree = "<group>"; };
		EB8737402777BCDF0022B442 /* PersistenceController.swift */ = {isa = PBXFileReference; fileEncoding = 4; lastKnownFileType = sourcecode.swift; path = PersistenceController.swift; sourceTree = "<group>"; };
		EB8737442777BD3E0022B442 /* OnboardingScreens.swift */ = {isa = PBXFileReference; fileEncoding = 4; lastKnownFileType = sourcecode.swift; path = OnboardingScreens.swift; sourceTree = "<group>"; };
		EB8737452777BD3E0022B442 /* OnboardingView.swift */ = {isa = PBXFileReference; fileEncoding = 4; lastKnownFileType = sourcecode.swift; path = OnboardingView.swift; sourceTree = "<group>"; };
		EB8737492777BD560022B442 /* StuffListView.swift */ = {isa = PBXFileReference; fileEncoding = 4; lastKnownFileType = sourcecode.swift; path = StuffListView.swift; sourceTree = "<group>"; };
		EB87374D2777BDCC0022B442 /* Assets.xcassets */ = {isa = PBXFileReference; lastKnownFileType = folder.assetcatalog; path = Assets.xcassets; sourceTree = "<group>"; };
		EB8737532777BF9F0022B442 /* en */ = {isa = PBXFileReference; lastKnownFileType = text.plist.strings; name = en; path = en.lproj/Localizable.strings; sourceTree = "<group>"; };
		EB8737552777BFA40022B442 /* pt-BR */ = {isa = PBXFileReference; lastKnownFileType = text.plist.strings; name = "pt-BR"; path = "pt-BR.lproj/Localizable.strings"; sourceTree = "<group>"; };
		EB8737562777C2D30022B442 /* StuffViewModel.swift */ = {isa = PBXFileReference; lastKnownFileType = sourcecode.swift; path = StuffViewModel.swift; sourceTree = "<group>"; };
		EBE4BC38277A22630073F8F5 /* en */ = {isa = PBXFileReference; lastKnownFileType = text.plist.strings; name = en; path = en.lproj/InfoPlist.strings; sourceTree = "<group>"; };
		EBE4BC3A277A22660073F8F5 /* pt-BR */ = {isa = PBXFileReference; lastKnownFileType = text.plist.strings; name = "pt-BR"; path = "pt-BR.lproj/InfoPlist.strings"; sourceTree = "<group>"; };
		EBE4BC3E277D41CB0073F8F5 /* Product.swift */ = {isa = PBXFileReference; lastKnownFileType = sourcecode.swift; path = Product.swift; sourceTree = "<group>"; };
		EBEDBD44277F676000947C55 /* ImagePicker.swift */ = {isa = PBXFileReference; lastKnownFileType = sourcecode.swift; path = ImagePicker.swift; sourceTree = "<group>"; };
/* End PBXFileReference section */

/* Begin PBXFrameworksBuildPhase section */
		EB87371A2777BC040022B442 /* Frameworks */ = {
			isa = PBXFrameworksBuildPhase;
			buildActionMask = 2147483647;
			files = (
				EB4DC0C227863E8F006E2370 /* StoreKit.framework in Frameworks */,
				EBEDBD4B2780F06C00947C55 /* PureSwiftUI in Frameworks */,
				EBEDBD4827809E4300947C55 /* SwifterSwift in Frameworks */,
			);
			runOnlyForDeploymentPostprocessing = 0;
		};
/* End PBXFrameworksBuildPhase section */

/* Begin PBXGroup section */
		EB4DC0C527863F0E006E2370 /* Manager */ = {
			isa = PBXGroup;
			children = (
				EB4DC0C627863F19006E2370 /* IAPManager.swift */,
			);
			path = Manager;
			sourceTree = "<group>";
		};
		EB8737142777BC040022B442 = {
			isa = PBXGroup;
			children = (
				EB87371F2777BC040022B442 /* WarrantyApp */,
				EB87371E2777BC040022B442 /* Products */,
				EBEDBD4C27831FA300947C55 /* Frameworks */,
			);
			sourceTree = "<group>";
		};
		EB87371E2777BC040022B442 /* Products */ = {
			isa = PBXGroup;
			children = (
				EB87371D2777BC040022B442 /* WarrantyApp.app */,
			);
			name = Products;
			sourceTree = "<group>";
		};
		EB87371F2777BC040022B442 /* WarrantyApp */ = {
			isa = PBXGroup;
			children = (
				EBEDBD41277F5ED000947C55 /* Util */,
				EB87373D2777BCC10022B442 /* Model */,
				EB87373C2777BCB80022B442 /* View */,
				EB87373B2777BCB40022B442 /* ViewModel */,
				EB8737202777BC040022B442 /* WarrantyAppApp.swift */,
				EB8737542777BF9F0022B442 /* Localizable.strings */,
				EB87374D2777BDCC0022B442 /* Assets.xcassets */,
				EB8737262777BC050022B442 /* Preview Content */,
				EBE4BC39277A22630073F8F5 /* InfoPlist.strings */,
			);
			path = WarrantyApp;
			sourceTree = "<group>";
		};
		EB8737262777BC050022B442 /* Preview Content */ = {
			isa = PBXGroup;
			children = (
				EB8737272777BC050022B442 /* Preview Assets.xcassets */,
			);
			path = "Preview Content";
			sourceTree = "<group>";
		};
		EB87373B2777BCB40022B442 /* ViewModel */ = {
			isa = PBXGroup;
			children = (
				EB8737562777C2D30022B442 /* StuffViewModel.swift */,
			);
			path = ViewModel;
			sourceTree = "<group>";
		};
		EB87373C2777BCB80022B442 /* View */ = {
			isa = PBXGroup;
			children = (
				EB8737482777BD4A0022B442 /* Stuff */,
				EB8737432777BD1B0022B442 /* Onboarding */,
				EBEDBD44277F676000947C55 /* ImagePicker.swift */,
			);
			path = View;
			sourceTree = "<group>";
		};
		EB87373D2777BCC10022B442 /* Model */ = {
			isa = PBXGroup;
			children = (
				EB4DC0C527863F0E006E2370 /* Manager */,
				EBE4BC3D277D41C00073F8F5 /* CoreData */,
				EB87373E2777BCDF0022B442 /* WarrantyApp.xcdatamodeld */,
				EB8737402777BCDF0022B442 /* PersistenceController.swift */,
			);
			path = Model;
			sourceTree = "<group>";
		};
		EB8737432777BD1B0022B442 /* Onboarding */ = {
			isa = PBXGroup;
			children = (
				EB8737442777BD3E0022B442 /* OnboardingScreens.swift */,
				EB8737452777BD3E0022B442 /* OnboardingView.swift */,
			);
			path = Onboarding;
			sourceTree = "<group>";
		};
		EB8737482777BD4A0022B442 /* Stuff */ = {
			isa = PBXGroup;
			children = (
				EB8737492777BD560022B442 /* StuffListView.swift */,
				659B7A820FEF5CF721C81CC4 /* NewStuffView.swift */,
			);
			path = Stuff;
			sourceTree = "<group>";
		};
		EBE4BC3D277D41C00073F8F5 /* CoreData */ = {
			isa = PBXGroup;
			children = (
				EBE4BC3E277D41CB0073F8F5 /* Product.swift */,
			);
			path = CoreData;
			sourceTree = "<group>";
		};
		EBEDBD41277F5ED000947C55 /* Util */ = {
			isa = PBXGroup;
			children = (
				EB4DC0BF27863946006E2370 /* Constants.swift */,
			);
			path = Util;
			sourceTree = "<group>";
		};
		EBEDBD4C27831FA300947C55 /* Frameworks */ = {
			isa = PBXGroup;
			children = (
				EB4DC0C127863E8F006E2370 /* StoreKit.framework */,
			);
			name = Frameworks;
			sourceTree = "<group>";
		};
/* End PBXGroup section */

/* Begin PBXNativeTarget section */
		EB87371C2777BC040022B442 /* WarrantyApp */ = {
			isa = PBXNativeTarget;
			buildConfigurationList = EB8737302777BC050022B442 /* Build configuration list for PBXNativeTarget "WarrantyApp" */;
			buildPhases = (
				EB8737192777BC040022B442 /* Sources */,
				EB87371A2777BC040022B442 /* Frameworks */,
				EB87371B2777BC040022B442 /* Resources */,
			);
			buildRules = (
			);
			dependencies = (
			);
			name = WarrantyApp;
			packageProductDependencies = (
				EBEDBD4727809E4300947C55 /* SwifterSwift */,
				EBEDBD4A2780F06C00947C55 /* PureSwiftUI */,
			);
			productName = WarrantyApp;
			productReference = EB87371D2777BC040022B442 /* WarrantyApp.app */;
			productType = "com.apple.product-type.application";
		};
/* End PBXNativeTarget section */

/* Begin PBXProject section */
		EB8737152777BC040022B442 /* Project object */ = {
			isa = PBXProject;
			attributes = {
				BuildIndependentTargetsInParallel = 1;
				LastSwiftUpdateCheck = 1320;
				LastUpgradeCheck = 1320;
				TargetAttributes = {
					EB87371C2777BC040022B442 = {
						CreatedOnToolsVersion = 13.2;
					};
				};
			};
			buildConfigurationList = EB8737182777BC040022B442 /* Build configuration list for PBXProject "WarrantyApp" */;
			compatibilityVersion = "Xcode 13.0";
			developmentRegion = en;
			hasScannedForEncodings = 0;
			knownRegions = (
				en,
				Base,
				"pt-BR",
			);
			mainGroup = EB8737142777BC040022B442;
			packageReferences = (
				EBEDBD4627809E4300947C55 /* XCRemoteSwiftPackageReference "SwifterSwift" */,
				EBEDBD492780F06C00947C55 /* XCRemoteSwiftPackageReference "pure-swift-ui" */,
			);
			productRefGroup = EB87371E2777BC040022B442 /* Products */;
			projectDirPath = "";
			projectRoot = "";
			targets = (
				EB87371C2777BC040022B442 /* WarrantyApp */,
			);
		};
/* End PBXProject section */

/* Begin PBXResourcesBuildPhase section */
		EB87371B2777BC040022B442 /* Resources */ = {
			isa = PBXResourcesBuildPhase;
			buildActionMask = 2147483647;
			files = (
				EB87374E2777BDCC0022B442 /* Assets.xcassets in Resources */,
				EBE4BC37277A22630073F8F5 /* InfoPlist.strings in Resources */,
				EB8737522777BF9F0022B442 /* Localizable.strings in Resources */,
				EB8737282777BC050022B442 /* Preview Assets.xcassets in Resources */,
			);
			runOnlyForDeploymentPostprocessing = 0;
		};
/* End PBXResourcesBuildPhase section */

/* Begin PBXSourcesBuildPhase section */
		EB8737192777BC040022B442 /* Sources */ = {
			isa = PBXSourcesBuildPhase;
			buildActionMask = 2147483647;
			files = (
				EB4DC0C727863F19006E2370 /* IAPManager.swift in Sources */,
				EB8737422777BCDF0022B442 /* PersistenceController.swift in Sources */,
				EB4DC0C027863946006E2370 /* Constants.swift in Sources */,
				EB8737572777C2D30022B442 /* StuffViewModel.swift in Sources */,
				EBE4BC3F277D41CB0073F8F5 /* Product.swift in Sources */,
				EB8737212777BC040022B442 /* WarrantyAppApp.swift in Sources */,
				EB8737462777BD3E0022B442 /* OnboardingScreens.swift in Sources */,
				EB87374A2777BD560022B442 /* StuffListView.swift in Sources */,
				EBEDBD45277F676000947C55 /* ImagePicker.swift in Sources */,
				EB8737412777BCDF0022B442 /* WarrantyApp.xcdatamodeld in Sources */,
				EB8737472777BD3E0022B442 /* OnboardingView.swift in Sources */,
				659B719EA35BAAB6778A7105 /* NewStuffView.swift in Sources */,
			);
			runOnlyForDeploymentPostprocessing = 0;
		};
/* End PBXSourcesBuildPhase section */

/* Begin PBXVariantGroup section */
		EB8737542777BF9F0022B442 /* Localizable.strings */ = {
			isa = PBXVariantGroup;
			children = (
				EB8737532777BF9F0022B442 /* en */,
				EB8737552777BFA40022B442 /* pt-BR */,
			);
			name = Localizable.strings;
			sourceTree = "<group>";
		};
		EBE4BC39277A22630073F8F5 /* InfoPlist.strings */ = {
			isa = PBXVariantGroup;
			children = (
				EBE4BC38277A22630073F8F5 /* en */,
				EBE4BC3A277A22660073F8F5 /* pt-BR */,
			);
			name = InfoPlist.strings;
			sourceTree = "<group>";
		};
/* End PBXVariantGroup section */

/* Begin XCBuildConfiguration section */
		EB87372E2777BC050022B442 /* Debug */ = {
			isa = XCBuildConfiguration;
			buildSettings = {
				ALWAYS_SEARCH_USER_PATHS = NO;
				CLANG_ANALYZER_LOCALIZABILITY_NONLOCALIZED = YES;
				CLANG_ANALYZER_NONNULL = YES;
				CLANG_ANALYZER_NUMBER_OBJECT_CONVERSION = YES_AGGRESSIVE;
				CLANG_CXX_LANGUAGE_STANDARD = "gnu++17";
				CLANG_CXX_LIBRARY = "libc++";
				CLANG_ENABLE_MODULES = YES;
				CLANG_ENABLE_OBJC_ARC = YES;
				CLANG_ENABLE_OBJC_WEAK = YES;
				CLANG_WARN_BLOCK_CAPTURE_AUTORELEASING = YES;
				CLANG_WARN_BOOL_CONVERSION = YES;
				CLANG_WARN_COMMA = YES;
				CLANG_WARN_CONSTANT_CONVERSION = YES;
				CLANG_WARN_DEPRECATED_OBJC_IMPLEMENTATIONS = YES;
				CLANG_WARN_DIRECT_OBJC_ISA_USAGE = YES_ERROR;
				CLANG_WARN_DOCUMENTATION_COMMENTS = YES;
				CLANG_WARN_EMPTY_BODY = YES;
				CLANG_WARN_ENUM_CONVERSION = YES;
				CLANG_WARN_INFINITE_RECURSION = YES;
				CLANG_WARN_INT_CONVERSION = YES;
				CLANG_WARN_NON_LITERAL_NULL_CONVERSION = YES;
				CLANG_WARN_OBJC_IMPLICIT_RETAIN_SELF = YES;
				CLANG_WARN_OBJC_LITERAL_CONVERSION = YES;
				CLANG_WARN_OBJC_ROOT_CLASS = YES_ERROR;
				CLANG_WARN_QUOTED_INCLUDE_IN_FRAMEWORK_HEADER = YES;
				CLANG_WARN_RANGE_LOOP_ANALYSIS = YES;
				CLANG_WARN_STRICT_PROTOTYPES = YES;
				CLANG_WARN_SUSPICIOUS_MOVE = YES;
				CLANG_WARN_UNGUARDED_AVAILABILITY = YES_AGGRESSIVE;
				CLANG_WARN_UNREACHABLE_CODE = YES;
				CLANG_WARN__DUPLICATE_METHOD_MATCH = YES;
				COPY_PHASE_STRIP = NO;
				DEBUG_INFORMATION_FORMAT = dwarf;
				ENABLE_STRICT_OBJC_MSGSEND = YES;
				ENABLE_TESTABILITY = YES;
				GCC_C_LANGUAGE_STANDARD = gnu11;
				GCC_DYNAMIC_NO_PIC = NO;
				GCC_NO_COMMON_BLOCKS = YES;
				GCC_OPTIMIZATION_LEVEL = 0;
				GCC_PREPROCESSOR_DEFINITIONS = (
					"DEBUG=1",
					"$(inherited)",
				);
				GCC_WARN_64_TO_32_BIT_CONVERSION = YES;
				GCC_WARN_ABOUT_RETURN_TYPE = YES_ERROR;
				GCC_WARN_UNDECLARED_SELECTOR = YES;
				GCC_WARN_UNINITIALIZED_AUTOS = YES_AGGRESSIVE;
				GCC_WARN_UNUSED_FUNCTION = YES;
				GCC_WARN_UNUSED_VARIABLE = YES;
				IPHONEOS_DEPLOYMENT_TARGET = 15.2;
				MTL_ENABLE_DEBUG_INFO = INCLUDE_SOURCE;
				MTL_FAST_MATH = YES;
				ONLY_ACTIVE_ARCH = YES;
				SDKROOT = iphoneos;
				SWIFT_ACTIVE_COMPILATION_CONDITIONS = DEBUG;
				SWIFT_OPTIMIZATION_LEVEL = "-Onone";
			};
			name = Debug;
		};
		EB87372F2777BC050022B442 /* Release */ = {
			isa = XCBuildConfiguration;
			buildSettings = {
				ALWAYS_SEARCH_USER_PATHS = NO;
				CLANG_ANALYZER_LOCALIZABILITY_NONLOCALIZED = YES;
				CLANG_ANALYZER_NONNULL = YES;
				CLANG_ANALYZER_NUMBER_OBJECT_CONVERSION = YES_AGGRESSIVE;
				CLANG_CXX_LANGUAGE_STANDARD = "gnu++17";
				CLANG_CXX_LIBRARY = "libc++";
				CLANG_ENABLE_MODULES = YES;
				CLANG_ENABLE_OBJC_ARC = YES;
				CLANG_ENABLE_OBJC_WEAK = YES;
				CLANG_WARN_BLOCK_CAPTURE_AUTORELEASING = YES;
				CLANG_WARN_BOOL_CONVERSION = YES;
				CLANG_WARN_COMMA = YES;
				CLANG_WARN_CONSTANT_CONVERSION = YES;
				CLANG_WARN_DEPRECATED_OBJC_IMPLEMENTATIONS = YES;
				CLANG_WARN_DIRECT_OBJC_ISA_USAGE = YES_ERROR;
				CLANG_WARN_DOCUMENTATION_COMMENTS = YES;
				CLANG_WARN_EMPTY_BODY = YES;
				CLANG_WARN_ENUM_CONVERSION = YES;
				CLANG_WARN_INFINITE_RECURSION = YES;
				CLANG_WARN_INT_CONVERSION = YES;
				CLANG_WARN_NON_LITERAL_NULL_CONVERSION = YES;
				CLANG_WARN_OBJC_IMPLICIT_RETAIN_SELF = YES;
				CLANG_WARN_OBJC_LITERAL_CONVERSION = YES;
				CLANG_WARN_OBJC_ROOT_CLASS = YES_ERROR;
				CLANG_WARN_QUOTED_INCLUDE_IN_FRAMEWORK_HEADER = YES;
				CLANG_WARN_RANGE_LOOP_ANALYSIS = YES;
				CLANG_WARN_STRICT_PROTOTYPES = YES;
				CLANG_WARN_SUSPICIOUS_MOVE = YES;
				CLANG_WARN_UNGUARDED_AVAILABILITY = YES_AGGRESSIVE;
				CLANG_WARN_UNREACHABLE_CODE = YES;
				CLANG_WARN__DUPLICATE_METHOD_MATCH = YES;
				COPY_PHASE_STRIP = NO;
				DEBUG_INFORMATION_FORMAT = "dwarf-with-dsym";
				ENABLE_NS_ASSERTIONS = NO;
				ENABLE_STRICT_OBJC_MSGSEND = YES;
				GCC_C_LANGUAGE_STANDARD = gnu11;
				GCC_NO_COMMON_BLOCKS = YES;
				GCC_WARN_64_TO_32_BIT_CONVERSION = YES;
				GCC_WARN_ABOUT_RETURN_TYPE = YES_ERROR;
				GCC_WARN_UNDECLARED_SELECTOR = YES;
				GCC_WARN_UNINITIALIZED_AUTOS = YES_AGGRESSIVE;
				GCC_WARN_UNUSED_FUNCTION = YES;
				GCC_WARN_UNUSED_VARIABLE = YES;
				IPHONEOS_DEPLOYMENT_TARGET = 15.2;
				MTL_ENABLE_DEBUG_INFO = NO;
				MTL_FAST_MATH = YES;
				SDKROOT = iphoneos;
				SWIFT_COMPILATION_MODE = wholemodule;
				SWIFT_OPTIMIZATION_LEVEL = "-O";
				VALIDATE_PRODUCT = YES;
			};
			name = Release;
		};
		EB8737312777BC050022B442 /* Debug */ = {
			isa = XCBuildConfiguration;
			buildSettings = {
				ASSETCATALOG_COMPILER_APPICON_NAME = AppIcon;
				ASSETCATALOG_COMPILER_GLOBAL_ACCENT_COLOR_NAME = AccentColor;
				ASSETCATALOG_COMPILER_INCLUDE_ALL_APPICON_ASSETS = YES;
				CODE_SIGN_STYLE = Automatic;
				CURRENT_PROJECT_VERSION = 1;
				DEVELOPMENT_ASSET_PATHS = "\"WarrantyApp/Preview Content\"";
				DEVELOPMENT_TEAM = RRNNBMBSXJ;
				ENABLE_PREVIEWS = YES;
				GENERATE_INFOPLIST_FILE = YES;
				INFOPLIST_FILE = WarrantyApp/Info.plist;
				INFOPLIST_KEY_NSCameraUsageDescription = "Take photo of your warranted stuff.";
				INFOPLIST_KEY_NSPhotoLibraryUsageDescription = "Get photo of your warranted stuff";
				INFOPLIST_KEY_UIApplicationSupportsIndirectInputEvents = YES;
				INFOPLIST_KEY_UILaunchScreen_Generation = YES;
				INFOPLIST_KEY_UISupportedInterfaceOrientations = "UIInterfaceOrientationPortrait UIInterfaceOrientationPortraitUpsideDown UIInterfaceOrientationLandscapeLeft UIInterfaceOrientationLandscapeRight";
				INFOPLIST_KEY_UISupportedInterfaceOrientations_iPad = "UIInterfaceOrientationPortrait UIInterfaceOrientationPortraitUpsideDown UIInterfaceOrientationLandscapeLeft UIInterfaceOrientationLandscapeRight";
				INFOPLIST_KEY_UISupportedInterfaceOrientations_iPhone = "UIInterfaceOrientationPortrait UIInterfaceOrientationLandscapeLeft UIInterfaceOrientationLandscapeRight";
				LD_RUNPATH_SEARCH_PATHS = (
					"$(inherited)",
					"@executable_path/Frameworks",
				);
				MARKETING_VERSION = 1.0.0;
				PRODUCT_BUNDLE_IDENTIFIER = br.dev.pedroh.WarrantyApp;
				PRODUCT_NAME = "$(TARGET_NAME)";
				SWIFT_EMIT_LOC_STRINGS = YES;
				SWIFT_VERSION = 5.0;
				TARGETED_DEVICE_FAMILY = 1;
			};
			name = Debug;
		};
		EB8737322777BC050022B442 /* Release */ = {
			isa = XCBuildConfiguration;
			buildSettings = {
				ASSETCATALOG_COMPILER_APPICON_NAME = AppIcon;
				ASSETCATALOG_COMPILER_GLOBAL_ACCENT_COLOR_NAME = AccentColor;
				ASSETCATALOG_COMPILER_INCLUDE_ALL_APPICON_ASSETS = YES;
				CODE_SIGN_STYLE = Automatic;
				CURRENT_PROJECT_VERSION = 1;
				DEVELOPMENT_ASSET_PATHS = "\"WarrantyApp/Preview Content\"";
				DEVELOPMENT_TEAM = RRNNBMBSXJ;
				ENABLE_PREVIEWS = YES;
				GENERATE_INFOPLIST_FILE = YES;
				INFOPLIST_FILE = WarrantyApp/Info.plist;
				INFOPLIST_KEY_NSCameraUsageDescription = "Take photo of your warranted stuff.";
				INFOPLIST_KEY_NSPhotoLibraryUsageDescription = "Get photo of your warranted stuff";
				INFOPLIST_KEY_UIApplicationSupportsIndirectInputEvents = YES;
				INFOPLIST_KEY_UILaunchScreen_Generation = YES;
				INFOPLIST_KEY_UISupportedInterfaceOrientations = "UIInterfaceOrientationPortrait UIInterfaceOrientationPortraitUpsideDown UIInterfaceOrientationLandscapeLeft UIInterfaceOrientationLandscapeRight";
				INFOPLIST_KEY_UISupportedInterfaceOrientations_iPad = "UIInterfaceOrientationPortrait UIInterfaceOrientationPortraitUpsideDown UIInterfaceOrientationLandscapeLeft UIInterfaceOrientationLandscapeRight";
				INFOPLIST_KEY_UISupportedInterfaceOrientations_iPhone = "UIInterfaceOrientationPortrait UIInterfaceOrientationLandscapeLeft UIInterfaceOrientationLandscapeRight";
				LD_RUNPATH_SEARCH_PATHS = (
					"$(inherited)",
					"@executable_path/Frameworks",
				);
				MARKETING_VERSION = 1.0.0;
				PRODUCT_BUNDLE_IDENTIFIER = br.dev.pedroh.WarrantyApp;
				PRODUCT_NAME = "$(TARGET_NAME)";
				SWIFT_EMIT_LOC_STRINGS = YES;
				SWIFT_VERSION = 5.0;
				TARGETED_DEVICE_FAMILY = 1;
			};
			name = Release;
		};
/* End XCBuildConfiguration section */

/* Begin XCConfigurationList section */
		EB8737182777BC040022B442 /* Build configuration list for PBXProject "WarrantyApp" */ = {
			isa = XCConfigurationList;
			buildConfigurations = (
				EB87372E2777BC050022B442 /* Debug */,
				EB87372F2777BC050022B442 /* Release */,
			);
			defaultConfigurationIsVisible = 0;
			defaultConfigurationName = Release;
		};
		EB8737302777BC050022B442 /* Build configuration list for PBXNativeTarget "WarrantyApp" */ = {
			isa = XCConfigurationList;
			buildConfigurations = (
				EB8737312777BC050022B442 /* Debug */,
				EB8737322777BC050022B442 /* Release */,
			);
			defaultConfigurationIsVisible = 0;
			defaultConfigurationName = Release;
		};
/* End XCConfigurationList section */

/* Begin XCRemoteSwiftPackageReference section */
		EBEDBD4627809E4300947C55 /* XCRemoteSwiftPackageReference "SwifterSwift" */ = {
			isa = XCRemoteSwiftPackageReference;
			repositoryURL = "https://github.com/SwifterSwift/SwifterSwift.git";
			requirement = {
				kind = upToNextMajorVersion;
				minimumVersion = 5.2.0;
			};
		};
		EBEDBD492780F06C00947C55 /* XCRemoteSwiftPackageReference "pure-swift-ui" */ = {
			isa = XCRemoteSwiftPackageReference;
			repositoryURL = "https://github.com/CodeSlicing/pure-swift-ui.git";
			requirement = {
				kind = upToNextMajorVersion;
				minimumVersion = 3.0.0;
			};
		};
/* End XCRemoteSwiftPackageReference section */

/* Begin XCSwiftPackageProductDependency section */
		EBEDBD4727809E4300947C55 /* SwifterSwift */ = {
			isa = XCSwiftPackageProductDependency;
			package = EBEDBD4627809E4300947C55 /* XCRemoteSwiftPackageReference "SwifterSwift" */;
			productName = SwifterSwift;
		};
		EBEDBD4A2780F06C00947C55 /* PureSwiftUI */ = {
			isa = XCSwiftPackageProductDependency;
			package = EBEDBD492780F06C00947C55 /* XCRemoteSwiftPackageReference "pure-swift-ui" */;
			productName = PureSwiftUI;
		};
/* End XCSwiftPackageProductDependency section */

/* Begin XCVersionGroup section */
		EB87373E2777BCDF0022B442 /* WarrantyApp.xcdatamodeld */ = {
			isa = XCVersionGroup;
			children = (
				EB87373F2777BCDF0022B442 /* Shared.xcdatamodel */,
			);
			currentVersion = EB87373F2777BCDF0022B442 /* Shared.xcdatamodel */;
			path = WarrantyApp.xcdatamodeld;
			sourceTree = "<group>";
			versionGroupType = wrapper.xcdatamodel;
		};
/* End XCVersionGroup section */
	};
	rootObject = EB8737152777BC040022B442 /* Project object */;
}
